
Microsoft Visual Studio Solution File, Format Version 12.00
# Visual Studio 15
VisualStudioVersion = 15.0.26403.7
MinimumVisualStudioVersion = 10.0.40219.1
Project("{9092AA53-FB77-4645-B42D-1CCCA6BD08BD}") = "Lineage2", "Lineage2.njsproj", "{95D1AE2A-E508-4214-9177-9F4BF335FE8F}"
	ProjectSection(ProjectDependencies) = postProject
		{12E25018-27C1-4787-A50E-05E09BEA6003} = {12E25018-27C1-4787-A50E-05E09BEA6003}
	EndProjectSection
EndProject
Project("{FAE04EC0-301F-11D3-BF4B-00C04F79EFBC}") = "RSAGenerator", "RSAGenerator.csproj", "{12E25018-27C1-4787-A50E-05E09BEA6003}"
EndProject
Global
	GlobalSection(SolutionConfigurationPlatforms) = preSolution
		Debug|Any CPU = Debug|Any CPU
		Release|Any CPU = Release|Any CPU
	EndGlobalSection
	GlobalSection(ProjectConfigurationPlatforms) = postSolution
		{95D1AE2A-E508-4214-9177-9F4BF335FE8F}.Debug|Any CPU.ActiveCfg = Debug|Any CPU
		{95D1AE2A-E508-4214-9177-9F4BF335FE8F}.Debug|Any CPU.Build.0 = Debug|Any CPU
		{95D1AE2A-E508-4214-9177-9F4BF335FE8F}.Release|Any CPU.ActiveCfg = Release|Any CPU
		{95D1AE2A-E508-4214-9177-9F4BF335FE8F}.Release|Any CPU.Build.0 = Release|Any CPU
		{12E25018-27C1-4787-A50E-05E09BEA6003}.Debug|Any CPU.ActiveCfg = Debug|Any CPU
		{12E25018-27C1-4787-A50E-05E09BEA6003}.Debug|Any CPU.Build.0 = Debug|Any CPU
		{12E25018-27C1-4787-A50E-05E09BEA6003}.Release|Any CPU.ActiveCfg = Release|Any CPU
		{12E25018-27C1-4787-A50E-05E09BEA6003}.Release|Any CPU.Build.0 = Release|Any CPU
	EndGlobalSection
	GlobalSection(SolutionProperties) = preSolution
		HideSolutionNode = FALSE
	EndGlobalSection
EndGlobal
